
Microsoft Visual Studio Solution File, Format Version 12.00
# Visual Studio 15
VisualStudioVersion = 15.0.26430.6
MinimumVisualStudioVersion = 10.0.40219.1
Project("{FAE04EC0-301F-11D3-BF4B-00C04F79EFBC}") = "Shuttle", "Shuttle\Shuttle\Shuttle.csproj", "{922FD74E-095F-4303-A91E-32C93EA27FF3}"
EndProject
Project("{FAE04EC0-301F-11D3-BF4B-00C04F79EFBC}") = "Shuttle.Droid", "Shuttle\Shuttle.Droid\Shuttle.Droid.csproj", "{E5771633-81C2-41CA-97BE-6AD727E4CFB8}"
EndProject
Project("{FAE04EC0-301F-11D3-BF4B-00C04F79EFBC}") = "Shuttle.iOS", "Shuttle\Shuttle.iOS\Shuttle.iOS.csproj", "{A45CAB99-27D1-442F-A2FD-1D5A478316FD}"
EndProject
Project("{FAE04EC0-301F-11D3-BF4B-00C04F79EFBC}") = "Shuttle.WinPhone", "Shuttle\Shuttle.WinPhone\Shuttle.WinPhone.csproj", "{2DAFB725-2243-4378-821E-0F5C251EE388}"
EndProject
Project("{FAE04EC0-301F-11D3-BF4B-00C04F79EFBC}") = "Shuttle.Windows", "Shuttle\Shuttle.Windows\Shuttle.Windows.csproj", "{25240F8F-893C-4B05-8027-D17C7A1348E5}"
EndProject
Project("{FAE04EC0-301F-11D3-BF4B-00C04F79EFBC}") = "Icon_Manager", "..\Icon_Manager\Icon_Manager.csproj", "{6DE6195C-C59F-42DC-A368-169D1057FF9A}"
EndProject
Project("{FAE04EC0-301F-11D3-BF4B-00C04F79EFBC}") = "Timetable_Manager", "..\Timetable_Manager\Timetable_Manager.csproj", "{D6075DFD-017D-4A14-B24D-21078DF64DB8}"
EndProject
Project("{FAE04EC0-301F-11D3-BF4B-00C04F79EFBC}") = "Debug", "..\Debug\Debug.csproj", "{D720E05C-54FF-4B8C-9742-C0655AE648F3}"
EndProject
Project("{FAE04EC0-301F-11D3-BF4B-00C04F79EFBC}") = "Timetable_Printer", "..\Timetable_Printer\Timetable_Printer.csproj", "{BA39E4B7-B4D3-4B80-BD18-E48778B56F6F}"
EndProject
Project("{FAE04EC0-301F-11D3-BF4B-00C04F79EFBC}") = "Timetable_Manager All", "..\Timetable_Manager All\Timetable_Manager All.csproj", "{07D1E705-0F8A-4298-A7F4-8E18C95A7B5D}"
EndProject
Global
	GlobalSection(SolutionConfigurationPlatforms) = preSolution
		Ad-Hoc|Any CPU = Ad-Hoc|Any CPU
		Ad-Hoc|ARM = Ad-Hoc|ARM
		Ad-Hoc|iPhone = Ad-Hoc|iPhone
		Ad-Hoc|iPhoneSimulator = Ad-Hoc|iPhoneSimulator
		Ad-Hoc|x64 = Ad-Hoc|x64
		Ad-Hoc|x86 = Ad-Hoc|x86
		AppStore|Any CPU = AppStore|Any CPU
		AppStore|ARM = AppStore|ARM
		AppStore|iPhone = AppStore|iPhone
		AppStore|iPhoneSimulator = AppStore|iPhoneSimulator
		AppStore|x64 = AppStore|x64
		AppStore|x86 = AppStore|x86
		Debug|Any CPU = Debug|Any CPU
		Debug|ARM = Debug|ARM
		Debug|iPhone = Debug|iPhone
		Debug|iPhoneSimulator = Debug|iPhoneSimulator
		Debug|x64 = Debug|x64
		Debug|x86 = Debug|x86
		Release|Any CPU = Release|Any CPU
		Release|ARM = Release|ARM
		Release|iPhone = Release|iPhone
		Release|iPhoneSimulator = Release|iPhoneSimulator
		Release|x64 = Release|x64
		Release|x86 = Release|x86
	EndGlobalSection
	GlobalSection(ProjectConfigurationPlatforms) = postSolution
		{922FD74E-095F-4303-A91E-32C93EA27FF3}.Ad-Hoc|Any CPU.ActiveCfg = Release|Any CPU
		{922FD74E-095F-4303-A91E-32C93EA27FF3}.Ad-Hoc|Any CPU.Build.0 = Release|Any CPU
		{922FD74E-095F-4303-A91E-32C93EA27FF3}.Ad-Hoc|ARM.ActiveCfg = Release|Any CPU
		{922FD74E-095F-4303-A91E-32C93EA27FF3}.Ad-Hoc|ARM.Build.0 = Release|Any CPU
		{922FD74E-095F-4303-A91E-32C93EA27FF3}.Ad-Hoc|iPhone.ActiveCfg = Release|Any CPU
		{922FD74E-095F-4303-A91E-32C93EA27FF3}.Ad-Hoc|iPhone.Build.0 = Release|Any CPU
		{922FD74E-095F-4303-A91E-32C93EA27FF3}.Ad-Hoc|iPhoneSimulator.ActiveCfg = Release|Any CPU
		{922FD74E-095F-4303-A91E-32C93EA27FF3}.Ad-Hoc|iPhoneSimulator.Build.0 = Release|Any CPU
		{922FD74E-095F-4303-A91E-32C93EA27FF3}.Ad-Hoc|x64.ActiveCfg = Release|Any CPU
		{922FD74E-095F-4303-A91E-32C93EA27FF3}.Ad-Hoc|x64.Build.0 = Release|Any CPU
		{922FD74E-095F-4303-A91E-32C93EA27FF3}.Ad-Hoc|x86.ActiveCfg = Release|Any CPU
		{922FD74E-095F-4303-A91E-32C93EA27FF3}.Ad-Hoc|x86.Build.0 = Release|Any CPU
		{922FD74E-095F-4303-A91E-32C93EA27FF3}.AppStore|Any CPU.ActiveCfg = Release|Any CPU
		{922FD74E-095F-4303-A91E-32C93EA27FF3}.AppStore|Any CPU.Build.0 = Release|Any CPU
		{922FD74E-095F-4303-A91E-32C93EA27FF3}.AppStore|ARM.ActiveCfg = Release|Any CPU
		{922FD74E-095F-4303-A91E-32C93EA27FF3}.AppStore|ARM.Build.0 = Release|Any CPU
		{922FD74E-095F-4303-A91E-32C93EA27FF3}.AppStore|iPhone.ActiveCfg = Release|Any CPU
		{922FD74E-095F-4303-A91E-32C93EA27FF3}.AppStore|iPhone.Build.0 = Release|Any CPU
		{922FD74E-095F-4303-A91E-32C93EA27FF3}.AppStore|iPhoneSimulator.ActiveCfg = Release|Any CPU
		{922FD74E-095F-4303-A91E-32C93EA27FF3}.AppStore|iPhoneSimulator.Build.0 = Release|Any CPU
		{922FD74E-095F-4303-A91E-32C93EA27FF3}.AppStore|x64.ActiveCfg = Release|Any CPU
		{922FD74E-095F-4303-A91E-32C93EA27FF3}.AppStore|x64.Build.0 = Release|Any CPU
		{922FD74E-095F-4303-A91E-32C93EA27FF3}.AppStore|x86.ActiveCfg = Release|Any CPU
		{922FD74E-095F-4303-A91E-32C93EA27FF3}.AppStore|x86.Build.0 = Release|Any CPU
		{922FD74E-095F-4303-A91E-32C93EA27FF3}.Debug|Any CPU.ActiveCfg = Debug|Any CPU
		{922FD74E-095F-4303-A91E-32C93EA27FF3}.Debug|Any CPU.Build.0 = Debug|Any CPU
		{922FD74E-095F-4303-A91E-32C93EA27FF3}.Debug|ARM.ActiveCfg = Debug|Any CPU
		{922FD74E-095F-4303-A91E-32C93EA27FF3}.Debug|ARM.Build.0 = Debug|Any CPU
		{922FD74E-095F-4303-A91E-32C93EA27FF3}.Debug|iPhone.ActiveCfg = Debug|Any CPU
		{922FD74E-095F-4303-A91E-32C93EA27FF3}.Debug|iPhone.Build.0 = Debug|Any CPU
		{922FD74E-095F-4303-A91E-32C93EA27FF3}.Debug|iPhoneSimulator.ActiveCfg = Debug|Any CPU
		{922FD74E-095F-4303-A91E-32C93EA27FF3}.Debug|iPhoneSimulator.Build.0 = Debug|Any CPU
		{922FD74E-095F-4303-A91E-32C93EA27FF3}.Debug|x64.ActiveCfg = Debug|Any CPU
		{922FD74E-095F-4303-A91E-32C93EA27FF3}.Debug|x64.Build.0 = Debug|Any CPU
		{922FD74E-095F-4303-A91E-32C93EA27FF3}.Debug|x86.ActiveCfg = Debug|Any CPU
		{922FD74E-095F-4303-A91E-32C93EA27FF3}.Debug|x86.Build.0 = Debug|Any CPU
		{922FD74E-095F-4303-A91E-32C93EA27FF3}.Release|Any CPU.ActiveCfg = Release|Any CPU
		{922FD74E-095F-4303-A91E-32C93EA27FF3}.Release|Any CPU.Build.0 = Release|Any CPU
		{922FD74E-095F-4303-A91E-32C93EA27FF3}.Release|ARM.ActiveCfg = Release|Any CPU
		{922FD74E-095F-4303-A91E-32C93EA27FF3}.Release|ARM.Build.0 = Release|Any CPU
		{922FD74E-095F-4303-A91E-32C93EA27FF3}.Release|iPhone.ActiveCfg = Release|Any CPU
		{922FD74E-095F-4303-A91E-32C93EA27FF3}.Release|iPhone.Build.0 = Release|Any CPU
		{922FD74E-095F-4303-A91E-32C93EA27FF3}.Release|iPhoneSimulator.ActiveCfg = Release|Any CPU
		{922FD74E-095F-4303-A91E-32C93EA27FF3}.Release|iPhoneSimulator.Build.0 = Release|Any CPU
		{922FD74E-095F-4303-A91E-32C93EA27FF3}.Release|x64.ActiveCfg = Release|Any CPU
		{922FD74E-095F-4303-A91E-32C93EA27FF3}.Release|x64.Build.0 = Release|Any CPU
		{922FD74E-095F-4303-A91E-32C93EA27FF3}.Release|x86.ActiveCfg = Release|Any CPU
		{922FD74E-095F-4303-A91E-32C93EA27FF3}.Release|x86.Build.0 = Release|Any CPU
		{E5771633-81C2-41CA-97BE-6AD727E4CFB8}.Ad-Hoc|Any CPU.ActiveCfg = Release|Any CPU
		{E5771633-81C2-41CA-97BE-6AD727E4CFB8}.Ad-Hoc|Any CPU.Build.0 = Release|Any CPU
		{E5771633-81C2-41CA-97BE-6AD727E4CFB8}.Ad-Hoc|Any CPU.Deploy.0 = Release|Any CPU
		{E5771633-81C2-41CA-97BE-6AD727E4CFB8}.Ad-Hoc|ARM.ActiveCfg = Release|Any CPU
		{E5771633-81C2-41CA-97BE-6AD727E4CFB8}.Ad-Hoc|ARM.Build.0 = Release|Any CPU
		{E5771633-81C2-41CA-97BE-6AD727E4CFB8}.Ad-Hoc|ARM.Deploy.0 = Release|Any CPU
		{E5771633-81C2-41CA-97BE-6AD727E4CFB8}.Ad-Hoc|iPhone.ActiveCfg = Release|Any CPU
		{E5771633-81C2-41CA-97BE-6AD727E4CFB8}.Ad-Hoc|iPhone.Build.0 = Release|Any CPU
		{E5771633-81C2-41CA-97BE-6AD727E4CFB8}.Ad-Hoc|iPhone.Deploy.0 = Release|Any CPU
		{E5771633-81C2-41CA-97BE-6AD727E4CFB8}.Ad-Hoc|iPhoneSimulator.ActiveCfg = Release|Any CPU
		{E5771633-81C2-41CA-97BE-6AD727E4CFB8}.Ad-Hoc|iPhoneSimulator.Build.0 = Release|Any CPU
		{E5771633-81C2-41CA-97BE-6AD727E4CFB8}.Ad-Hoc|iPhoneSimulator.Deploy.0 = Release|Any CPU
		{E5771633-81C2-41CA-97BE-6AD727E4CFB8}.Ad-Hoc|x64.ActiveCfg = Release|Any CPU
		{E5771633-81C2-41CA-97BE-6AD727E4CFB8}.Ad-Hoc|x64.Build.0 = Release|Any CPU
		{E5771633-81C2-41CA-97BE-6AD727E4CFB8}.Ad-Hoc|x64.Deploy.0 = Release|Any CPU
		{E5771633-81C2-41CA-97BE-6AD727E4CFB8}.Ad-Hoc|x86.ActiveCfg = Release|Any CPU
		{E5771633-81C2-41CA-97BE-6AD727E4CFB8}.Ad-Hoc|x86.Build.0 = Release|Any CPU
		{E5771633-81C2-41CA-97BE-6AD727E4CFB8}.Ad-Hoc|x86.Deploy.0 = Release|Any CPU
		{E5771633-81C2-41CA-97BE-6AD727E4CFB8}.AppStore|Any CPU.ActiveCfg = Release|Any CPU
		{E5771633-81C2-41CA-97BE-6AD727E4CFB8}.AppStore|Any CPU.Build.0 = Release|Any CPU
		{E5771633-81C2-41CA-97BE-6AD727E4CFB8}.AppStore|Any CPU.Deploy.0 = Release|Any CPU
		{E5771633-81C2-41CA-97BE-6AD727E4CFB8}.AppStore|ARM.ActiveCfg = Release|Any CPU
		{E5771633-81C2-41CA-97BE-6AD727E4CFB8}.AppStore|ARM.Build.0 = Release|Any CPU
		{E5771633-81C2-41CA-97BE-6AD727E4CFB8}.AppStore|ARM.Deploy.0 = Release|Any CPU
		{E5771633-81C2-41CA-97BE-6AD727E4CFB8}.AppStore|iPhone.ActiveCfg = Release|Any CPU
		{E5771633-81C2-41CA-97BE-6AD727E4CFB8}.AppStore|iPhone.Build.0 = Release|Any CPU
		{E5771633-81C2-41CA-97BE-6AD727E4CFB8}.AppStore|iPhone.Deploy.0 = Release|Any CPU
		{E5771633-81C2-41CA-97BE-6AD727E4CFB8}.AppStore|iPhoneSimulator.ActiveCfg = Release|Any CPU
		{E5771633-81C2-41CA-97BE-6AD727E4CFB8}.AppStore|iPhoneSimulator.Build.0 = Release|Any CPU
		{E5771633-81C2-41CA-97BE-6AD727E4CFB8}.AppStore|iPhoneSimulator.Deploy.0 = Release|Any CPU
		{E5771633-81C2-41CA-97BE-6AD727E4CFB8}.AppStore|x64.ActiveCfg = Release|Any CPU
		{E5771633-81C2-41CA-97BE-6AD727E4CFB8}.AppStore|x64.Build.0 = Release|Any CPU
		{E5771633-81C2-41CA-97BE-6AD727E4CFB8}.AppStore|x64.Deploy.0 = Release|Any CPU
		{E5771633-81C2-41CA-97BE-6AD727E4CFB8}.AppStore|x86.ActiveCfg = Release|Any CPU
		{E5771633-81C2-41CA-97BE-6AD727E4CFB8}.AppStore|x86.Build.0 = Release|Any CPU
		{E5771633-81C2-41CA-97BE-6AD727E4CFB8}.AppStore|x86.Deploy.0 = Release|Any CPU
		{E5771633-81C2-41CA-97BE-6AD727E4CFB8}.Debug|Any CPU.ActiveCfg = Debug|Any CPU
		{E5771633-81C2-41CA-97BE-6AD727E4CFB8}.Debug|Any CPU.Build.0 = Debug|Any CPU
		{E5771633-81C2-41CA-97BE-6AD727E4CFB8}.Debug|Any CPU.Deploy.0 = Debug|Any CPU
		{E5771633-81C2-41CA-97BE-6AD727E4CFB8}.Debug|ARM.ActiveCfg = Debug|Any CPU
		{E5771633-81C2-41CA-97BE-6AD727E4CFB8}.Debug|ARM.Build.0 = Debug|Any CPU
		{E5771633-81C2-41CA-97BE-6AD727E4CFB8}.Debug|ARM.Deploy.0 = Debug|Any CPU
		{E5771633-81C2-41CA-97BE-6AD727E4CFB8}.Debug|iPhone.ActiveCfg = Debug|Any CPU
		{E5771633-81C2-41CA-97BE-6AD727E4CFB8}.Debug|iPhone.Build.0 = Debug|Any CPU
		{E5771633-81C2-41CA-97BE-6AD727E4CFB8}.Debug|iPhone.Deploy.0 = Debug|Any CPU
		{E5771633-81C2-41CA-97BE-6AD727E4CFB8}.Debug|iPhoneSimulator.ActiveCfg = Debug|Any CPU
		{E5771633-81C2-41CA-97BE-6AD727E4CFB8}.Debug|iPhoneSimulator.Build.0 = Debug|Any CPU
		{E5771633-81C2-41CA-97BE-6AD727E4CFB8}.Debug|iPhoneSimulator.Deploy.0 = Debug|Any CPU
		{E5771633-81C2-41CA-97BE-6AD727E4CFB8}.Debug|x64.ActiveCfg = Debug|Any CPU
		{E5771633-81C2-41CA-97BE-6AD727E4CFB8}.Debug|x64.Build.0 = Debug|Any CPU
		{E5771633-81C2-41CA-97BE-6AD727E4CFB8}.Debug|x64.Deploy.0 = Debug|Any CPU
		{E5771633-81C2-41CA-97BE-6AD727E4CFB8}.Debug|x86.ActiveCfg = Debug|Any CPU
		{E5771633-81C2-41CA-97BE-6AD727E4CFB8}.Debug|x86.Build.0 = Debug|Any CPU
		{E5771633-81C2-41CA-97BE-6AD727E4CFB8}.Debug|x86.Deploy.0 = Debug|Any CPU
		{E5771633-81C2-41CA-97BE-6AD727E4CFB8}.Release|Any CPU.ActiveCfg = Release|Any CPU
		{E5771633-81C2-41CA-97BE-6AD727E4CFB8}.Release|Any CPU.Build.0 = Release|Any CPU
		{E5771633-81C2-41CA-97BE-6AD727E4CFB8}.Release|Any CPU.Deploy.0 = Release|Any CPU
		{E5771633-81C2-41CA-97BE-6AD727E4CFB8}.Release|ARM.ActiveCfg = Release|Any CPU
		{E5771633-81C2-41CA-97BE-6AD727E4CFB8}.Release|ARM.Build.0 = Release|Any CPU
		{E5771633-81C2-41CA-97BE-6AD727E4CFB8}.Release|ARM.Deploy.0 = Release|Any CPU
		{E5771633-81C2-41CA-97BE-6AD727E4CFB8}.Release|iPhone.ActiveCfg = Release|Any CPU
		{E5771633-81C2-41CA-97BE-6AD727E4CFB8}.Release|iPhone.Build.0 = Release|Any CPU
		{E5771633-81C2-41CA-97BE-6AD727E4CFB8}.Release|iPhone.Deploy.0 = Release|Any CPU
		{E5771633-81C2-41CA-97BE-6AD727E4CFB8}.Release|iPhoneSimulator.ActiveCfg = Release|Any CPU
		{E5771633-81C2-41CA-97BE-6AD727E4CFB8}.Release|iPhoneSimulator.Build.0 = Release|Any CPU
		{E5771633-81C2-41CA-97BE-6AD727E4CFB8}.Release|iPhoneSimulator.Deploy.0 = Release|Any CPU
		{E5771633-81C2-41CA-97BE-6AD727E4CFB8}.Release|x64.ActiveCfg = Release|Any CPU
		{E5771633-81C2-41CA-97BE-6AD727E4CFB8}.Release|x64.Build.0 = Release|Any CPU
		{E5771633-81C2-41CA-97BE-6AD727E4CFB8}.Release|x64.Deploy.0 = Release|Any CPU
		{E5771633-81C2-41CA-97BE-6AD727E4CFB8}.Release|x86.ActiveCfg = Release|Any CPU
		{E5771633-81C2-41CA-97BE-6AD727E4CFB8}.Release|x86.Build.0 = Release|Any CPU
		{E5771633-81C2-41CA-97BE-6AD727E4CFB8}.Release|x86.Deploy.0 = Release|Any CPU
		{A45CAB99-27D1-442F-A2FD-1D5A478316FD}.Ad-Hoc|Any CPU.ActiveCfg = Ad-Hoc|iPhone
		{A45CAB99-27D1-442F-A2FD-1D5A478316FD}.Ad-Hoc|ARM.ActiveCfg = Ad-Hoc|iPhone
		{A45CAB99-27D1-442F-A2FD-1D5A478316FD}.Ad-Hoc|iPhone.ActiveCfg = Ad-Hoc|iPhone
		{A45CAB99-27D1-442F-A2FD-1D5A478316FD}.Ad-Hoc|iPhone.Build.0 = Ad-Hoc|iPhone
		{A45CAB99-27D1-442F-A2FD-1D5A478316FD}.Ad-Hoc|iPhoneSimulator.ActiveCfg = Ad-Hoc|iPhoneSimulator
		{A45CAB99-27D1-442F-A2FD-1D5A478316FD}.Ad-Hoc|iPhoneSimulator.Build.0 = Ad-Hoc|iPhoneSimulator
		{A45CAB99-27D1-442F-A2FD-1D5A478316FD}.Ad-Hoc|x64.ActiveCfg = Ad-Hoc|iPhone
		{A45CAB99-27D1-442F-A2FD-1D5A478316FD}.Ad-Hoc|x86.ActiveCfg = Ad-Hoc|iPhone
		{A45CAB99-27D1-442F-A2FD-1D5A478316FD}.AppStore|Any CPU.ActiveCfg = AppStore|iPhone
		{A45CAB99-27D1-442F-A2FD-1D5A478316FD}.AppStore|ARM.ActiveCfg = AppStore|iPhone
		{A45CAB99-27D1-442F-A2FD-1D5A478316FD}.AppStore|iPhone.ActiveCfg = AppStore|iPhone
		{A45CAB99-27D1-442F-A2FD-1D5A478316FD}.AppStore|iPhone.Build.0 = AppStore|iPhone
		{A45CAB99-27D1-442F-A2FD-1D5A478316FD}.AppStore|iPhoneSimulator.ActiveCfg = AppStore|iPhoneSimulator
		{A45CAB99-27D1-442F-A2FD-1D5A478316FD}.AppStore|iPhoneSimulator.Build.0 = AppStore|iPhoneSimulator
		{A45CAB99-27D1-442F-A2FD-1D5A478316FD}.AppStore|x64.ActiveCfg = AppStore|iPhone
		{A45CAB99-27D1-442F-A2FD-1D5A478316FD}.AppStore|x86.ActiveCfg = AppStore|iPhone
		{A45CAB99-27D1-442F-A2FD-1D5A478316FD}.Debug|Any CPU.ActiveCfg = Debug|iPhone
		{A45CAB99-27D1-442F-A2FD-1D5A478316FD}.Debug|ARM.ActiveCfg = Debug|iPhone
		{A45CAB99-27D1-442F-A2FD-1D5A478316FD}.Debug|iPhone.ActiveCfg = Debug|iPhone
		{A45CAB99-27D1-442F-A2FD-1D5A478316FD}.Debug|iPhone.Build.0 = Debug|iPhone
		{A45CAB99-27D1-442F-A2FD-1D5A478316FD}.Debug|iPhoneSimulator.ActiveCfg = Debug|iPhoneSimulator
		{A45CAB99-27D1-442F-A2FD-1D5A478316FD}.Debug|iPhoneSimulator.Build.0 = Debug|iPhoneSimulator
		{A45CAB99-27D1-442F-A2FD-1D5A478316FD}.Debug|x64.ActiveCfg = Debug|iPhone
		{A45CAB99-27D1-442F-A2FD-1D5A478316FD}.Debug|x86.ActiveCfg = Debug|iPhone
		{A45CAB99-27D1-442F-A2FD-1D5A478316FD}.Release|Any CPU.ActiveCfg = Release|iPhone
		{A45CAB99-27D1-442F-A2FD-1D5A478316FD}.Release|ARM.ActiveCfg = Release|iPhone
		{A45CAB99-27D1-442F-A2FD-1D5A478316FD}.Release|iPhone.ActiveCfg = Release|iPhone
		{A45CAB99-27D1-442F-A2FD-1D5A478316FD}.Release|iPhone.Build.0 = Release|iPhone
		{A45CAB99-27D1-442F-A2FD-1D5A478316FD}.Release|iPhoneSimulator.ActiveCfg = Release|iPhoneSimulator
		{A45CAB99-27D1-442F-A2FD-1D5A478316FD}.Release|iPhoneSimulator.Build.0 = Release|iPhoneSimulator
		{A45CAB99-27D1-442F-A2FD-1D5A478316FD}.Release|x64.ActiveCfg = Release|iPhone
		{A45CAB99-27D1-442F-A2FD-1D5A478316FD}.Release|x86.ActiveCfg = Release|iPhone
		{2DAFB725-2243-4378-821E-0F5C251EE388}.Ad-Hoc|Any CPU.ActiveCfg = Release|Any CPU
		{2DAFB725-2243-4378-821E-0F5C251EE388}.Ad-Hoc|Any CPU.Build.0 = Release|Any CPU
		{2DAFB725-2243-4378-821E-0F5C251EE388}.Ad-Hoc|Any CPU.Deploy.0 = Release|Any CPU
		{2DAFB725-2243-4378-821E-0F5C251EE388}.Ad-Hoc|ARM.ActiveCfg = Release|ARM
		{2DAFB725-2243-4378-821E-0F5C251EE388}.Ad-Hoc|ARM.Build.0 = Release|ARM
		{2DAFB725-2243-4378-821E-0F5C251EE388}.Ad-Hoc|ARM.Deploy.0 = Release|ARM
		{2DAFB725-2243-4378-821E-0F5C251EE388}.Ad-Hoc|iPhone.ActiveCfg = Release|Any CPU
		{2DAFB725-2243-4378-821E-0F5C251EE388}.Ad-Hoc|iPhone.Build.0 = Release|Any CPU
		{2DAFB725-2243-4378-821E-0F5C251EE388}.Ad-Hoc|iPhone.Deploy.0 = Release|Any CPU
		{2DAFB725-2243-4378-821E-0F5C251EE388}.Ad-Hoc|iPhoneSimulator.ActiveCfg = Release|Any CPU
		{2DAFB725-2243-4378-821E-0F5C251EE388}.Ad-Hoc|iPhoneSimulator.Build.0 = Release|Any CPU
		{2DAFB725-2243-4378-821E-0F5C251EE388}.Ad-Hoc|iPhoneSimulator.Deploy.0 = Release|Any CPU
		{2DAFB725-2243-4378-821E-0F5C251EE388}.Ad-Hoc|x64.ActiveCfg = Release|Any CPU
		{2DAFB725-2243-4378-821E-0F5C251EE388}.Ad-Hoc|x64.Build.0 = Release|Any CPU
		{2DAFB725-2243-4378-821E-0F5C251EE388}.Ad-Hoc|x64.Deploy.0 = Release|Any CPU
		{2DAFB725-2243-4378-821E-0F5C251EE388}.Ad-Hoc|x86.ActiveCfg = Release|x86
		{2DAFB725-2243-4378-821E-0F5C251EE388}.Ad-Hoc|x86.Build.0 = Release|x86
		{2DAFB725-2243-4378-821E-0F5C251EE388}.Ad-Hoc|x86.Deploy.0 = Release|x86
		{2DAFB725-2243-4378-821E-0F5C251EE388}.AppStore|Any CPU.ActiveCfg = Release|Any CPU
		{2DAFB725-2243-4378-821E-0F5C251EE388}.AppStore|Any CPU.Build.0 = Release|Any CPU
		{2DAFB725-2243-4378-821E-0F5C251EE388}.AppStore|Any CPU.Deploy.0 = Release|Any CPU
		{2DAFB725-2243-4378-821E-0F5C251EE388}.AppStore|ARM.ActiveCfg = Release|ARM
		{2DAFB725-2243-4378-821E-0F5C251EE388}.AppStore|ARM.Build.0 = Release|ARM
		{2DAFB725-2243-4378-821E-0F5C251EE388}.AppStore|ARM.Deploy.0 = Release|ARM
		{2DAFB725-2243-4378-821E-0F5C251EE388}.AppStore|iPhone.ActiveCfg = Release|Any CPU
		{2DAFB725-2243-4378-821E-0F5C251EE388}.AppStore|iPhone.Build.0 = Release|Any CPU
		{2DAFB725-2243-4378-821E-0F5C251EE388}.AppStore|iPhone.Deploy.0 = Release|Any CPU
		{2DAFB725-2243-4378-821E-0F5C251EE388}.AppStore|iPhoneSimulator.ActiveCfg = Release|Any CPU
		{2DAFB725-2243-4378-821E-0F5C251EE388}.AppStore|iPhoneSimulator.Build.0 = Release|Any CPU
		{2DAFB725-2243-4378-821E-0F5C251EE388}.AppStore|iPhoneSimulator.Deploy.0 = Release|Any CPU
		{2DAFB725-2243-4378-821E-0F5C251EE388}.AppStore|x64.ActiveCfg = Release|Any CPU
		{2DAFB725-2243-4378-821E-0F5C251EE388}.AppStore|x64.Build.0 = Release|Any CPU
		{2DAFB725-2243-4378-821E-0F5C251EE388}.AppStore|x64.Deploy.0 = Release|Any CPU
		{2DAFB725-2243-4378-821E-0F5C251EE388}.AppStore|x86.ActiveCfg = Release|x86
		{2DAFB725-2243-4378-821E-0F5C251EE388}.AppStore|x86.Build.0 = Release|x86
		{2DAFB725-2243-4378-821E-0F5C251EE388}.AppStore|x86.Deploy.0 = Release|x86
		{2DAFB725-2243-4378-821E-0F5C251EE388}.Debug|Any CPU.ActiveCfg = Debug|Any CPU
		{2DAFB725-2243-4378-821E-0F5C251EE388}.Debug|Any CPU.Build.0 = Debug|Any CPU
		{2DAFB725-2243-4378-821E-0F5C251EE388}.Debug|Any CPU.Deploy.0 = Debug|Any CPU
		{2DAFB725-2243-4378-821E-0F5C251EE388}.Debug|ARM.ActiveCfg = Debug|ARM
		{2DAFB725-2243-4378-821E-0F5C251EE388}.Debug|ARM.Build.0 = Debug|ARM
		{2DAFB725-2243-4378-821E-0F5C251EE388}.Debug|ARM.Deploy.0 = Debug|ARM
		{2DAFB725-2243-4378-821E-0F5C251EE388}.Debug|iPhone.ActiveCfg = Debug|Any CPU
		{2DAFB725-2243-4378-821E-0F5C251EE388}.Debug|iPhone.Build.0 = Debug|Any CPU
		{2DAFB725-2243-4378-821E-0F5C251EE388}.Debug|iPhone.Deploy.0 = Debug|Any CPU
		{2DAFB725-2243-4378-821E-0F5C251EE388}.Debug|iPhoneSimulator.ActiveCfg = Debug|Any CPU
		{2DAFB725-2243-4378-821E-0F5C251EE388}.Debug|iPhoneSimulator.Build.0 = Debug|Any CPU
		{2DAFB725-2243-4378-821E-0F5C251EE388}.Debug|iPhoneSimulator.Deploy.0 = Debug|Any CPU
		{2DAFB725-2243-4378-821E-0F5C251EE388}.Debug|x64.ActiveCfg = Debug|Any CPU
		{2DAFB725-2243-4378-821E-0F5C251EE388}.Debug|x64.Build.0 = Debug|Any CPU
		{2DAFB725-2243-4378-821E-0F5C251EE388}.Debug|x64.Deploy.0 = Debug|Any CPU
		{2DAFB725-2243-4378-821E-0F5C251EE388}.Debug|x86.ActiveCfg = Debug|x86
		{2DAFB725-2243-4378-821E-0F5C251EE388}.Debug|x86.Build.0 = Debug|x86
		{2DAFB725-2243-4378-821E-0F5C251EE388}.Debug|x86.Deploy.0 = Debug|x86
		{2DAFB725-2243-4378-821E-0F5C251EE388}.Release|Any CPU.ActiveCfg = Release|Any CPU
		{2DAFB725-2243-4378-821E-0F5C251EE388}.Release|Any CPU.Build.0 = Release|Any CPU
		{2DAFB725-2243-4378-821E-0F5C251EE388}.Release|Any CPU.Deploy.0 = Release|Any CPU
		{2DAFB725-2243-4378-821E-0F5C251EE388}.Release|ARM.ActiveCfg = Release|ARM
		{2DAFB725-2243-4378-821E-0F5C251EE388}.Release|ARM.Build.0 = Release|ARM
		{2DAFB725-2243-4378-821E-0F5C251EE388}.Release|ARM.Deploy.0 = Release|ARM
		{2DAFB725-2243-4378-821E-0F5C251EE388}.Release|iPhone.ActiveCfg = Release|Any CPU
		{2DAFB725-2243-4378-821E-0F5C251EE388}.Release|iPhone.Build.0 = Release|Any CPU
		{2DAFB725-2243-4378-821E-0F5C251EE388}.Release|iPhone.Deploy.0 = Release|Any CPU
		{2DAFB725-2243-4378-821E-0F5C251EE388}.Release|iPhoneSimulator.ActiveCfg = Release|Any CPU
		{2DAFB725-2243-4378-821E-0F5C251EE388}.Release|iPhoneSimulator.Build.0 = Release|Any CPU
		{2DAFB725-2243-4378-821E-0F5C251EE388}.Release|iPhoneSimulator.Deploy.0 = Release|Any CPU
		{2DAFB725-2243-4378-821E-0F5C251EE388}.Release|x64.ActiveCfg = Release|Any CPU
		{2DAFB725-2243-4378-821E-0F5C251EE388}.Release|x64.Build.0 = Release|Any CPU
		{2DAFB725-2243-4378-821E-0F5C251EE388}.Release|x64.Deploy.0 = Release|Any CPU
		{2DAFB725-2243-4378-821E-0F5C251EE388}.Release|x86.ActiveCfg = Release|x86
		{2DAFB725-2243-4378-821E-0F5C251EE388}.Release|x86.Build.0 = Release|x86
		{2DAFB725-2243-4378-821E-0F5C251EE388}.Release|x86.Deploy.0 = Release|x86
		{25240F8F-893C-4B05-8027-D17C7A1348E5}.Ad-Hoc|Any CPU.ActiveCfg = Release|Any CPU
		{25240F8F-893C-4B05-8027-D17C7A1348E5}.Ad-Hoc|Any CPU.Build.0 = Release|Any CPU
		{25240F8F-893C-4B05-8027-D17C7A1348E5}.Ad-Hoc|Any CPU.Deploy.0 = Release|Any CPU
		{25240F8F-893C-4B05-8027-D17C7A1348E5}.Ad-Hoc|ARM.ActiveCfg = Release|ARM
		{25240F8F-893C-4B05-8027-D17C7A1348E5}.Ad-Hoc|ARM.Build.0 = Release|ARM
		{25240F8F-893C-4B05-8027-D17C7A1348E5}.Ad-Hoc|ARM.Deploy.0 = Release|ARM
		{25240F8F-893C-4B05-8027-D17C7A1348E5}.Ad-Hoc|iPhone.ActiveCfg = Release|Any CPU
		{25240F8F-893C-4B05-8027-D17C7A1348E5}.Ad-Hoc|iPhone.Build.0 = Release|Any CPU
		{25240F8F-893C-4B05-8027-D17C7A1348E5}.Ad-Hoc|iPhone.Deploy.0 = Release|Any CPU
		{25240F8F-893C-4B05-8027-D17C7A1348E5}.Ad-Hoc|iPhoneSimulator.ActiveCfg = Release|Any CPU
		{25240F8F-893C-4B05-8027-D17C7A1348E5}.Ad-Hoc|iPhoneSimulator.Build.0 = Release|Any CPU
		{25240F8F-893C-4B05-8027-D17C7A1348E5}.Ad-Hoc|iPhoneSimulator.Deploy.0 = Release|Any CPU
		{25240F8F-893C-4B05-8027-D17C7A1348E5}.Ad-Hoc|x64.ActiveCfg = Release|x64
		{25240F8F-893C-4B05-8027-D17C7A1348E5}.Ad-Hoc|x64.Build.0 = Release|x64
		{25240F8F-893C-4B05-8027-D17C7A1348E5}.Ad-Hoc|x64.Deploy.0 = Release|x64
		{25240F8F-893C-4B05-8027-D17C7A1348E5}.Ad-Hoc|x86.ActiveCfg = Release|x86
		{25240F8F-893C-4B05-8027-D17C7A1348E5}.Ad-Hoc|x86.Build.0 = Release|x86
		{25240F8F-893C-4B05-8027-D17C7A1348E5}.Ad-Hoc|x86.Deploy.0 = Release|x86
		{25240F8F-893C-4B05-8027-D17C7A1348E5}.AppStore|Any CPU.ActiveCfg = Release|Any CPU
		{25240F8F-893C-4B05-8027-D17C7A1348E5}.AppStore|Any CPU.Build.0 = Release|Any CPU
		{25240F8F-893C-4B05-8027-D17C7A1348E5}.AppStore|Any CPU.Deploy.0 = Release|Any CPU
		{25240F8F-893C-4B05-8027-D17C7A1348E5}.AppStore|ARM.ActiveCfg = Release|ARM
		{25240F8F-893C-4B05-8027-D17C7A1348E5}.AppStore|ARM.Build.0 = Release|ARM
		{25240F8F-893C-4B05-8027-D17C7A1348E5}.AppStore|ARM.Deploy.0 = Release|ARM
		{25240F8F-893C-4B05-8027-D17C7A1348E5}.AppStore|iPhone.ActiveCfg = Release|Any CPU
		{25240F8F-893C-4B05-8027-D17C7A1348E5}.AppStore|iPhone.Build.0 = Release|Any CPU
		{25240F8F-893C-4B05-8027-D17C7A1348E5}.AppStore|iPhone.Deploy.0 = Release|Any CPU
		{25240F8F-893C-4B05-8027-D17C7A1348E5}.AppStore|iPhoneSimulator.ActiveCfg = Release|Any CPU
		{25240F8F-893C-4B05-8027-D17C7A1348E5}.AppStore|iPhoneSimulator.Build.0 = Release|Any CPU
		{25240F8F-893C-4B05-8027-D17C7A1348E5}.AppStore|iPhoneSimulator.Deploy.0 = Release|Any CPU
		{25240F8F-893C-4B05-8027-D17C7A1348E5}.AppStore|x64.ActiveCfg = Release|x64
		{25240F8F-893C-4B05-8027-D17C7A1348E5}.AppStore|x64.Build.0 = Release|x64
		{25240F8F-893C-4B05-8027-D17C7A1348E5}.AppStore|x64.Deploy.0 = Release|x64
		{25240F8F-893C-4B05-8027-D17C7A1348E5}.AppStore|x86.ActiveCfg = Release|x86
		{25240F8F-893C-4B05-8027-D17C7A1348E5}.AppStore|x86.Build.0 = Release|x86
		{25240F8F-893C-4B05-8027-D17C7A1348E5}.AppStore|x86.Deploy.0 = Release|x86
		{25240F8F-893C-4B05-8027-D17C7A1348E5}.Debug|Any CPU.ActiveCfg = Debug|Any CPU
		{25240F8F-893C-4B05-8027-D17C7A1348E5}.Debug|Any CPU.Build.0 = Debug|Any CPU
		{25240F8F-893C-4B05-8027-D17C7A1348E5}.Debug|Any CPU.Deploy.0 = Debug|Any CPU
		{25240F8F-893C-4B05-8027-D17C7A1348E5}.Debug|ARM.ActiveCfg = Debug|ARM
		{25240F8F-893C-4B05-8027-D17C7A1348E5}.Debug|ARM.Build.0 = Debug|ARM
		{25240F8F-893C-4B05-8027-D17C7A1348E5}.Debug|ARM.Deploy.0 = Debug|ARM
		{25240F8F-893C-4B05-8027-D17C7A1348E5}.Debug|iPhone.ActiveCfg = Debug|Any CPU
		{25240F8F-893C-4B05-8027-D17C7A1348E5}.Debug|iPhone.Build.0 = Debug|Any CPU
		{25240F8F-893C-4B05-8027-D17C7A1348E5}.Debug|iPhone.Deploy.0 = Debug|Any CPU
		{25240F8F-893C-4B05-8027-D17C7A1348E5}.Debug|iPhoneSimulator.ActiveCfg = Debug|Any CPU
		{25240F8F-893C-4B05-8027-D17C7A1348E5}.Debug|iPhoneSimulator.Build.0 = Debug|Any CPU
		{25240F8F-893C-4B05-8027-D17C7A1348E5}.Debug|iPhoneSimulator.Deploy.0 = Debug|Any CPU
		{25240F8F-893C-4B05-8027-D17C7A1348E5}.Debug|x64.ActiveCfg = Debug|x64
		{25240F8F-893C-4B05-8027-D17C7A1348E5}.Debug|x64.Build.0 = Debug|x64
		{25240F8F-893C-4B05-8027-D17C7A1348E5}.Debug|x64.Deploy.0 = Debug|x64
		{25240F8F-893C-4B05-8027-D17C7A1348E5}.Debug|x86.ActiveCfg = Debug|x86
		{25240F8F-893C-4B05-8027-D17C7A1348E5}.Debug|x86.Build.0 = Debug|x86
		{25240F8F-893C-4B05-8027-D17C7A1348E5}.Debug|x86.Deploy.0 = Debug|x86
		{25240F8F-893C-4B05-8027-D17C7A1348E5}.Release|Any CPU.ActiveCfg = Release|Any CPU
		{25240F8F-893C-4B05-8027-D17C7A1348E5}.Release|Any CPU.Build.0 = Release|Any CPU
		{25240F8F-893C-4B05-8027-D17C7A1348E5}.Release|Any CPU.Deploy.0 = Release|Any CPU
		{25240F8F-893C-4B05-8027-D17C7A1348E5}.Release|ARM.ActiveCfg = Release|ARM
		{25240F8F-893C-4B05-8027-D17C7A1348E5}.Release|ARM.Build.0 = Release|ARM
		{25240F8F-893C-4B05-8027-D17C7A1348E5}.Release|ARM.Deploy.0 = Release|ARM
		{25240F8F-893C-4B05-8027-D17C7A1348E5}.Release|iPhone.ActiveCfg = Release|Any CPU
		{25240F8F-893C-4B05-8027-D17C7A1348E5}.Release|iPhone.Build.0 = Release|Any CPU
		{25240F8F-893C-4B05-8027-D17C7A1348E5}.Release|iPhone.Deploy.0 = Release|Any CPU
		{25240F8F-893C-4B05-8027-D17C7A1348E5}.Release|iPhoneSimulator.ActiveCfg = Release|Any CPU
		{25240F8F-893C-4B05-8027-D17C7A1348E5}.Release|iPhoneSimulator.Build.0 = Release|Any CPU
		{25240F8F-893C-4B05-8027-D17C7A1348E5}.Release|iPhoneSimulator.Deploy.0 = Release|Any CPU
		{25240F8F-893C-4B05-8027-D17C7A1348E5}.Release|x64.ActiveCfg = Release|x64
		{25240F8F-893C-4B05-8027-D17C7A1348E5}.Release|x64.Build.0 = Release|x64
		{25240F8F-893C-4B05-8027-D17C7A1348E5}.Release|x64.Deploy.0 = Release|x64
		{25240F8F-893C-4B05-8027-D17C7A1348E5}.Release|x86.ActiveCfg = Release|x86
		{25240F8F-893C-4B05-8027-D17C7A1348E5}.Release|x86.Build.0 = Release|x86
		{25240F8F-893C-4B05-8027-D17C7A1348E5}.Release|x86.Deploy.0 = Release|x86
		{6DE6195C-C59F-42DC-A368-169D1057FF9A}.Ad-Hoc|Any CPU.ActiveCfg = Release|Any CPU
		{6DE6195C-C59F-42DC-A368-169D1057FF9A}.Ad-Hoc|Any CPU.Build.0 = Release|Any CPU
		{6DE6195C-C59F-42DC-A368-169D1057FF9A}.Ad-Hoc|ARM.ActiveCfg = Release|Any CPU
		{6DE6195C-C59F-42DC-A368-169D1057FF9A}.Ad-Hoc|ARM.Build.0 = Release|Any CPU
		{6DE6195C-C59F-42DC-A368-169D1057FF9A}.Ad-Hoc|iPhone.ActiveCfg = Release|Any CPU
		{6DE6195C-C59F-42DC-A368-169D1057FF9A}.Ad-Hoc|iPhone.Build.0 = Release|Any CPU
		{6DE6195C-C59F-42DC-A368-169D1057FF9A}.Ad-Hoc|iPhoneSimulator.ActiveCfg = Release|Any CPU
		{6DE6195C-C59F-42DC-A368-169D1057FF9A}.Ad-Hoc|iPhoneSimulator.Build.0 = Release|Any CPU
		{6DE6195C-C59F-42DC-A368-169D1057FF9A}.Ad-Hoc|x64.ActiveCfg = Release|Any CPU
		{6DE6195C-C59F-42DC-A368-169D1057FF9A}.Ad-Hoc|x64.Build.0 = Release|Any CPU
		{6DE6195C-C59F-42DC-A368-169D1057FF9A}.Ad-Hoc|x86.ActiveCfg = Release|Any CPU
		{6DE6195C-C59F-42DC-A368-169D1057FF9A}.Ad-Hoc|x86.Build.0 = Release|Any CPU
		{6DE6195C-C59F-42DC-A368-169D1057FF9A}.AppStore|Any CPU.ActiveCfg = Release|Any CPU
		{6DE6195C-C59F-42DC-A368-169D1057FF9A}.AppStore|Any CPU.Build.0 = Release|Any CPU
		{6DE6195C-C59F-42DC-A368-169D1057FF9A}.AppStore|ARM.ActiveCfg = Release|Any CPU
		{6DE6195C-C59F-42DC-A368-169D1057FF9A}.AppStore|ARM.Build.0 = Release|Any CPU
		{6DE6195C-C59F-42DC-A368-169D1057FF9A}.AppStore|iPhone.ActiveCfg = Release|Any CPU
		{6DE6195C-C59F-42DC-A368-169D1057FF9A}.AppStore|iPhone.Build.0 = Release|Any CPU
		{6DE6195C-C59F-42DC-A368-169D1057FF9A}.AppStore|iPhoneSimulator.ActiveCfg = Release|Any CPU
		{6DE6195C-C59F-42DC-A368-169D1057FF9A}.AppStore|iPhoneSimulator.Build.0 = Release|Any CPU
		{6DE6195C-C59F-42DC-A368-169D1057FF9A}.AppStore|x64.ActiveCfg = Release|Any CPU
		{6DE6195C-C59F-42DC-A368-169D1057FF9A}.AppStore|x64.Build.0 = Release|Any CPU
		{6DE6195C-C59F-42DC-A368-169D1057FF9A}.AppStore|x86.ActiveCfg = Release|Any CPU
		{6DE6195C-C59F-42DC-A368-169D1057FF9A}.AppStore|x86.Build.0 = Release|Any CPU
		{6DE6195C-C59F-42DC-A368-169D1057FF9A}.Debug|Any CPU.ActiveCfg = Debug|Any CPU
		{6DE6195C-C59F-42DC-A368-169D1057FF9A}.Debug|Any CPU.Build.0 = Debug|Any CPU
		{6DE6195C-C59F-42DC-A368-169D1057FF9A}.Debug|ARM.ActiveCfg = Debug|Any CPU
		{6DE6195C-C59F-42DC-A368-169D1057FF9A}.Debug|ARM.Build.0 = Debug|Any CPU
		{6DE6195C-C59F-42DC-A368-169D1057FF9A}.Debug|iPhone.ActiveCfg = Debug|Any CPU
		{6DE6195C-C59F-42DC-A368-169D1057FF9A}.Debug|iPhone.Build.0 = Debug|Any CPU
		{6DE6195C-C59F-42DC-A368-169D1057FF9A}.Debug|iPhoneSimulator.ActiveCfg = Debug|Any CPU
		{6DE6195C-C59F-42DC-A368-169D1057FF9A}.Debug|iPhoneSimulator.Build.0 = Debug|Any CPU
		{6DE6195C-C59F-42DC-A368-169D1057FF9A}.Debug|x64.ActiveCfg = Debug|Any CPU
		{6DE6195C-C59F-42DC-A368-169D1057FF9A}.Debug|x64.Build.0 = Debug|Any CPU
		{6DE6195C-C59F-42DC-A368-169D1057FF9A}.Debug|x86.ActiveCfg = Debug|Any CPU
		{6DE6195C-C59F-42DC-A368-169D1057FF9A}.Debug|x86.Build.0 = Debug|Any CPU
		{6DE6195C-C59F-42DC-A368-169D1057FF9A}.Release|Any CPU.ActiveCfg = Release|Any CPU
		{6DE6195C-C59F-42DC-A368-169D1057FF9A}.Release|Any CPU.Build.0 = Release|Any CPU
		{6DE6195C-C59F-42DC-A368-169D1057FF9A}.Release|ARM.ActiveCfg = Release|Any CPU
		{6DE6195C-C59F-42DC-A368-169D1057FF9A}.Release|ARM.Build.0 = Release|Any CPU
		{6DE6195C-C59F-42DC-A368-169D1057FF9A}.Release|iPhone.ActiveCfg = Release|Any CPU
		{6DE6195C-C59F-42DC-A368-169D1057FF9A}.Release|iPhone.Build.0 = Release|Any CPU
		{6DE6195C-C59F-42DC-A368-169D1057FF9A}.Release|iPhoneSimulator.ActiveCfg = Release|Any CPU
		{6DE6195C-C59F-42DC-A368-169D1057FF9A}.Release|iPhoneSimulator.Build.0 = Release|Any CPU
		{6DE6195C-C59F-42DC-A368-169D1057FF9A}.Release|x64.ActiveCfg = Release|Any CPU
		{6DE6195C-C59F-42DC-A368-169D1057FF9A}.Release|x64.Build.0 = Release|Any CPU
		{6DE6195C-C59F-42DC-A368-169D1057FF9A}.Release|x86.ActiveCfg = Release|Any CPU
		{6DE6195C-C59F-42DC-A368-169D1057FF9A}.Release|x86.Build.0 = Release|Any CPU
		{D6075DFD-017D-4A14-B24D-21078DF64DB8}.Ad-Hoc|Any CPU.ActiveCfg = Release|Any CPU
		{D6075DFD-017D-4A14-B24D-21078DF64DB8}.Ad-Hoc|Any CPU.Build.0 = Release|Any CPU
		{D6075DFD-017D-4A14-B24D-21078DF64DB8}.Ad-Hoc|ARM.ActiveCfg = Release|Any CPU
		{D6075DFD-017D-4A14-B24D-21078DF64DB8}.Ad-Hoc|ARM.Build.0 = Release|Any CPU
		{D6075DFD-017D-4A14-B24D-21078DF64DB8}.Ad-Hoc|iPhone.ActiveCfg = Release|Any CPU
		{D6075DFD-017D-4A14-B24D-21078DF64DB8}.Ad-Hoc|iPhone.Build.0 = Release|Any CPU
		{D6075DFD-017D-4A14-B24D-21078DF64DB8}.Ad-Hoc|iPhoneSimulator.ActiveCfg = Release|Any CPU
		{D6075DFD-017D-4A14-B24D-21078DF64DB8}.Ad-Hoc|iPhoneSimulator.Build.0 = Release|Any CPU
		{D6075DFD-017D-4A14-B24D-21078DF64DB8}.Ad-Hoc|x64.ActiveCfg = Release|Any CPU
		{D6075DFD-017D-4A14-B24D-21078DF64DB8}.Ad-Hoc|x64.Build.0 = Release|Any CPU
		{D6075DFD-017D-4A14-B24D-21078DF64DB8}.Ad-Hoc|x86.ActiveCfg = Release|Any CPU
		{D6075DFD-017D-4A14-B24D-21078DF64DB8}.Ad-Hoc|x86.Build.0 = Release|Any CPU
		{D6075DFD-017D-4A14-B24D-21078DF64DB8}.AppStore|Any CPU.ActiveCfg = Release|Any CPU
		{D6075DFD-017D-4A14-B24D-21078DF64DB8}.AppStore|Any CPU.Build.0 = Release|Any CPU
		{D6075DFD-017D-4A14-B24D-21078DF64DB8}.AppStore|ARM.ActiveCfg = Release|Any CPU
		{D6075DFD-017D-4A14-B24D-21078DF64DB8}.AppStore|ARM.Build.0 = Release|Any CPU
		{D6075DFD-017D-4A14-B24D-21078DF64DB8}.AppStore|iPhone.ActiveCfg = Release|Any CPU
		{D6075DFD-017D-4A14-B24D-21078DF64DB8}.AppStore|iPhone.Build.0 = Release|Any CPU
		{D6075DFD-017D-4A14-B24D-21078DF64DB8}.AppStore|iPhoneSimulator.ActiveCfg = Release|Any CPU
		{D6075DFD-017D-4A14-B24D-21078DF64DB8}.AppStore|iPhoneSimulator.Build.0 = Release|Any CPU
		{D6075DFD-017D-4A14-B24D-21078DF64DB8}.AppStore|x64.ActiveCfg = Release|Any CPU
		{D6075DFD-017D-4A14-B24D-21078DF64DB8}.AppStore|x64.Build.0 = Release|Any CPU
		{D6075DFD-017D-4A14-B24D-21078DF64DB8}.AppStore|x86.ActiveCfg = Release|Any CPU
		{D6075DFD-017D-4A14-B24D-21078DF64DB8}.AppStore|x86.Build.0 = Release|Any CPU
		{D6075DFD-017D-4A14-B24D-21078DF64DB8}.Debug|Any CPU.ActiveCfg = Debug|Any CPU
		{D6075DFD-017D-4A14-B24D-21078DF64DB8}.Debug|Any CPU.Build.0 = Debug|Any CPU
		{D6075DFD-017D-4A14-B24D-21078DF64DB8}.Debug|ARM.ActiveCfg = Debug|Any CPU
		{D6075DFD-017D-4A14-B24D-21078DF64DB8}.Debug|ARM.Build.0 = Debug|Any CPU
		{D6075DFD-017D-4A14-B24D-21078DF64DB8}.Debug|iPhone.ActiveCfg = Debug|Any CPU
		{D6075DFD-017D-4A14-B24D-21078DF64DB8}.Debug|iPhone.Build.0 = Debug|Any CPU
		{D6075DFD-017D-4A14-B24D-21078DF64DB8}.Debug|iPhoneSimulator.ActiveCfg = Debug|Any CPU
		{D6075DFD-017D-4A14-B24D-21078DF64DB8}.Debug|iPhoneSimulator.Build.0 = Debug|Any CPU
		{D6075DFD-017D-4A14-B24D-21078DF64DB8}.Debug|x64.ActiveCfg = Debug|Any CPU
		{D6075DFD-017D-4A14-B24D-21078DF64DB8}.Debug|x64.Build.0 = Debug|Any CPU
		{D6075DFD-017D-4A14-B24D-21078DF64DB8}.Debug|x86.ActiveCfg = Debug|Any CPU
		{D6075DFD-017D-4A14-B24D-21078DF64DB8}.Debug|x86.Build.0 = Debug|Any CPU
		{D6075DFD-017D-4A14-B24D-21078DF64DB8}.Release|Any CPU.ActiveCfg = Release|Any CPU
		{D6075DFD-017D-4A14-B24D-21078DF64DB8}.Release|Any CPU.Build.0 = Release|Any CPU
		{D6075DFD-017D-4A14-B24D-21078DF64DB8}.Release|ARM.ActiveCfg = Release|Any CPU
		{D6075DFD-017D-4A14-B24D-21078DF64DB8}.Release|ARM.Build.0 = Release|Any CPU
		{D6075DFD-017D-4A14-B24D-21078DF64DB8}.Release|iPhone.ActiveCfg = Release|Any CPU
		{D6075DFD-017D-4A14-B24D-21078DF64DB8}.Release|iPhone.Build.0 = Release|Any CPU
		{D6075DFD-017D-4A14-B24D-21078DF64DB8}.Release|iPhoneSimulator.ActiveCfg = Release|Any CPU
		{D6075DFD-017D-4A14-B24D-21078DF64DB8}.Release|iPhoneSimulator.Build.0 = Release|Any CPU
		{D6075DFD-017D-4A14-B24D-21078DF64DB8}.Release|x64.ActiveCfg = Release|Any CPU
		{D6075DFD-017D-4A14-B24D-21078DF64DB8}.Release|x64.Build.0 = Release|Any CPU
		{D6075DFD-017D-4A14-B24D-21078DF64DB8}.Release|x86.ActiveCfg = Release|Any CPU
		{D6075DFD-017D-4A14-B24D-21078DF64DB8}.Release|x86.Build.0 = Release|Any CPU
		{D720E05C-54FF-4B8C-9742-C0655AE648F3}.Ad-Hoc|Any CPU.ActiveCfg = Release|Any CPU
		{D720E05C-54FF-4B8C-9742-C0655AE648F3}.Ad-Hoc|Any CPU.Build.0 = Release|Any CPU
		{D720E05C-54FF-4B8C-9742-C0655AE648F3}.Ad-Hoc|ARM.ActiveCfg = Release|Any CPU
		{D720E05C-54FF-4B8C-9742-C0655AE648F3}.Ad-Hoc|ARM.Build.0 = Release|Any CPU
		{D720E05C-54FF-4B8C-9742-C0655AE648F3}.Ad-Hoc|iPhone.ActiveCfg = Release|Any CPU
		{D720E05C-54FF-4B8C-9742-C0655AE648F3}.Ad-Hoc|iPhone.Build.0 = Release|Any CPU
		{D720E05C-54FF-4B8C-9742-C0655AE648F3}.Ad-Hoc|iPhoneSimulator.ActiveCfg = Release|Any CPU
		{D720E05C-54FF-4B8C-9742-C0655AE648F3}.Ad-Hoc|iPhoneSimulator.Build.0 = Release|Any CPU
		{D720E05C-54FF-4B8C-9742-C0655AE648F3}.Ad-Hoc|x64.ActiveCfg = Release|Any CPU
		{D720E05C-54FF-4B8C-9742-C0655AE648F3}.Ad-Hoc|x64.Build.0 = Release|Any CPU
		{D720E05C-54FF-4B8C-9742-C0655AE648F3}.Ad-Hoc|x86.ActiveCfg = Release|Any CPU
		{D720E05C-54FF-4B8C-9742-C0655AE648F3}.Ad-Hoc|x86.Build.0 = Release|Any CPU
		{D720E05C-54FF-4B8C-9742-C0655AE648F3}.AppStore|Any CPU.ActiveCfg = Release|Any CPU
		{D720E05C-54FF-4B8C-9742-C0655AE648F3}.AppStore|Any CPU.Build.0 = Release|Any CPU
		{D720E05C-54FF-4B8C-9742-C0655AE648F3}.AppStore|ARM.ActiveCfg = Release|Any CPU
		{D720E05C-54FF-4B8C-9742-C0655AE648F3}.AppStore|ARM.Build.0 = Release|Any CPU
		{D720E05C-54FF-4B8C-9742-C0655AE648F3}.AppStore|iPhone.ActiveCfg = Release|Any CPU
		{D720E05C-54FF-4B8C-9742-C0655AE648F3}.AppStore|iPhone.Build.0 = Release|Any CPU
		{D720E05C-54FF-4B8C-9742-C0655AE648F3}.AppStore|iPhoneSimulator.ActiveCfg = Release|Any CPU
		{D720E05C-54FF-4B8C-9742-C0655AE648F3}.AppStore|iPhoneSimulator.Build.0 = Release|Any CPU
		{D720E05C-54FF-4B8C-9742-C0655AE648F3}.AppStore|x64.ActiveCfg = Release|Any CPU
		{D720E05C-54FF-4B8C-9742-C0655AE648F3}.AppStore|x64.Build.0 = Release|Any CPU
		{D720E05C-54FF-4B8C-9742-C0655AE648F3}.AppStore|x86.ActiveCfg = Release|Any CPU
		{D720E05C-54FF-4B8C-9742-C0655AE648F3}.AppStore|x86.Build.0 = Release|Any CPU
		{D720E05C-54FF-4B8C-9742-C0655AE648F3}.Debug|Any CPU.ActiveCfg = Debug|Any CPU
		{D720E05C-54FF-4B8C-9742-C0655AE648F3}.Debug|Any CPU.Build.0 = Debug|Any CPU
		{D720E05C-54FF-4B8C-9742-C0655AE648F3}.Debug|ARM.ActiveCfg = Debug|Any CPU
		{D720E05C-54FF-4B8C-9742-C0655AE648F3}.Debug|ARM.Build.0 = Debug|Any CPU
		{D720E05C-54FF-4B8C-9742-C0655AE648F3}.Debug|iPhone.ActiveCfg = Debug|Any CPU
		{D720E05C-54FF-4B8C-9742-C0655AE648F3}.Debug|iPhone.Build.0 = Debug|Any CPU
		{D720E05C-54FF-4B8C-9742-C0655AE648F3}.Debug|iPhoneSimulator.ActiveCfg = Debug|Any CPU
		{D720E05C-54FF-4B8C-9742-C0655AE648F3}.Debug|iPhoneSimulator.Build.0 = Debug|Any CPU
		{D720E05C-54FF-4B8C-9742-C0655AE648F3}.Debug|x64.ActiveCfg = Debug|Any CPU
		{D720E05C-54FF-4B8C-9742-C0655AE648F3}.Debug|x64.Build.0 = Debug|Any CPU
		{D720E05C-54FF-4B8C-9742-C0655AE648F3}.Debug|x86.ActiveCfg = Debug|Any CPU
		{D720E05C-54FF-4B8C-9742-C0655AE648F3}.Debug|x86.Build.0 = Debug|Any CPU
		{D720E05C-54FF-4B8C-9742-C0655AE648F3}.Release|Any CPU.ActiveCfg = Release|Any CPU
		{D720E05C-54FF-4B8C-9742-C0655AE648F3}.Release|Any CPU.Build.0 = Release|Any CPU
		{D720E05C-54FF-4B8C-9742-C0655AE648F3}.Release|ARM.ActiveCfg = Release|Any CPU
		{D720E05C-54FF-4B8C-9742-C0655AE648F3}.Release|ARM.Build.0 = Release|Any CPU
		{D720E05C-54FF-4B8C-9742-C0655AE648F3}.Release|iPhone.ActiveCfg = Release|Any CPU
		{D720E05C-54FF-4B8C-9742-C0655AE648F3}.Release|iPhone.Build.0 = Release|Any CPU
		{D720E05C-54FF-4B8C-9742-C0655AE648F3}.Release|iPhoneSimulator.ActiveCfg = Release|Any CPU
		{D720E05C-54FF-4B8C-9742-C0655AE648F3}.Release|iPhoneSimulator.Build.0 = Release|Any CPU
		{D720E05C-54FF-4B8C-9742-C0655AE648F3}.Release|x64.ActiveCfg = Release|Any CPU
		{D720E05C-54FF-4B8C-9742-C0655AE648F3}.Release|x64.Build.0 = Release|Any CPU
		{D720E05C-54FF-4B8C-9742-C0655AE648F3}.Release|x86.ActiveCfg = Release|Any CPU
		{D720E05C-54FF-4B8C-9742-C0655AE648F3}.Release|x86.Build.0 = Release|Any CPU
		{BA39E4B7-B4D3-4B80-BD18-E48778B56F6F}.Ad-Hoc|Any CPU.ActiveCfg = Release|Any CPU
		{BA39E4B7-B4D3-4B80-BD18-E48778B56F6F}.Ad-Hoc|Any CPU.Build.0 = Release|Any CPU
		{BA39E4B7-B4D3-4B80-BD18-E48778B56F6F}.Ad-Hoc|ARM.ActiveCfg = Release|Any CPU
		{BA39E4B7-B4D3-4B80-BD18-E48778B56F6F}.Ad-Hoc|ARM.Build.0 = Release|Any CPU
		{BA39E4B7-B4D3-4B80-BD18-E48778B56F6F}.Ad-Hoc|iPhone.ActiveCfg = Release|Any CPU
		{BA39E4B7-B4D3-4B80-BD18-E48778B56F6F}.Ad-Hoc|iPhone.Build.0 = Release|Any CPU
		{BA39E4B7-B4D3-4B80-BD18-E48778B56F6F}.Ad-Hoc|iPhoneSimulator.ActiveCfg = Release|Any CPU
		{BA39E4B7-B4D3-4B80-BD18-E48778B56F6F}.Ad-Hoc|iPhoneSimulator.Build.0 = Release|Any CPU
		{BA39E4B7-B4D3-4B80-BD18-E48778B56F6F}.Ad-Hoc|x64.ActiveCfg = Release|Any CPU
		{BA39E4B7-B4D3-4B80-BD18-E48778B56F6F}.Ad-Hoc|x64.Build.0 = Release|Any CPU
		{BA39E4B7-B4D3-4B80-BD18-E48778B56F6F}.Ad-Hoc|x86.ActiveCfg = Release|Any CPU
		{BA39E4B7-B4D3-4B80-BD18-E48778B56F6F}.Ad-Hoc|x86.Build.0 = Release|Any CPU
		{BA39E4B7-B4D3-4B80-BD18-E48778B56F6F}.AppStore|Any CPU.ActiveCfg = Release|Any CPU
		{BA39E4B7-B4D3-4B80-BD18-E48778B56F6F}.AppStore|Any CPU.Build.0 = Release|Any CPU
		{BA39E4B7-B4D3-4B80-BD18-E48778B56F6F}.AppStore|ARM.ActiveCfg = Release|Any CPU
		{BA39E4B7-B4D3-4B80-BD18-E48778B56F6F}.AppStore|ARM.Build.0 = Release|Any CPU
		{BA39E4B7-B4D3-4B80-BD18-E48778B56F6F}.AppStore|iPhone.ActiveCfg = Release|Any CPU
		{BA39E4B7-B4D3-4B80-BD18-E48778B56F6F}.AppStore|iPhone.Build.0 = Release|Any CPU
		{BA39E4B7-B4D3-4B80-BD18-E48778B56F6F}.AppStore|iPhoneSimulator.ActiveCfg = Release|Any CPU
		{BA39E4B7-B4D3-4B80-BD18-E48778B56F6F}.AppStore|iPhoneSimulator.Build.0 = Release|Any CPU
		{BA39E4B7-B4D3-4B80-BD18-E48778B56F6F}.AppStore|x64.ActiveCfg = Release|Any CPU
		{BA39E4B7-B4D3-4B80-BD18-E48778B56F6F}.AppStore|x64.Build.0 = Release|Any CPU
		{BA39E4B7-B4D3-4B80-BD18-E48778B56F6F}.AppStore|x86.ActiveCfg = Release|Any CPU
		{BA39E4B7-B4D3-4B80-BD18-E48778B56F6F}.AppStore|x86.Build.0 = Release|Any CPU
		{BA39E4B7-B4D3-4B80-BD18-E48778B56F6F}.Debug|Any CPU.ActiveCfg = Debug|Any CPU
		{BA39E4B7-B4D3-4B80-BD18-E48778B56F6F}.Debug|Any CPU.Build.0 = Debug|Any CPU
		{BA39E4B7-B4D3-4B80-BD18-E48778B56F6F}.Debug|ARM.ActiveCfg = Debug|Any CPU
		{BA39E4B7-B4D3-4B80-BD18-E48778B56F6F}.Debug|ARM.Build.0 = Debug|Any CPU
		{BA39E4B7-B4D3-4B80-BD18-E48778B56F6F}.Debug|iPhone.ActiveCfg = Debug|Any CPU
		{BA39E4B7-B4D3-4B80-BD18-E48778B56F6F}.Debug|iPhone.Build.0 = Debug|Any CPU
		{BA39E4B7-B4D3-4B80-BD18-E48778B56F6F}.Debug|iPhoneSimulator.ActiveCfg = Debug|Any CPU
		{BA39E4B7-B4D3-4B80-BD18-E48778B56F6F}.Debug|iPhoneSimulator.Build.0 = Debug|Any CPU
		{BA39E4B7-B4D3-4B80-BD18-E48778B56F6F}.Debug|x64.ActiveCfg = Debug|Any CPU
		{BA39E4B7-B4D3-4B80-BD18-E48778B56F6F}.Debug|x64.Build.0 = Debug|Any CPU
		{BA39E4B7-B4D3-4B80-BD18-E48778B56F6F}.Debug|x86.ActiveCfg = Debug|Any CPU
		{BA39E4B7-B4D3-4B80-BD18-E48778B56F6F}.Debug|x86.Build.0 = Debug|Any CPU
		{BA39E4B7-B4D3-4B80-BD18-E48778B56F6F}.Release|Any CPU.ActiveCfg = Release|Any CPU
		{BA39E4B7-B4D3-4B80-BD18-E48778B56F6F}.Release|Any CPU.Build.0 = Release|Any CPU
		{BA39E4B7-B4D3-4B80-BD18-E48778B56F6F}.Release|ARM.ActiveCfg = Release|Any CPU
		{BA39E4B7-B4D3-4B80-BD18-E48778B56F6F}.Release|ARM.Build.0 = Release|Any CPU
		{BA39E4B7-B4D3-4B80-BD18-E48778B56F6F}.Release|iPhone.ActiveCfg = Release|Any CPU
		{BA39E4B7-B4D3-4B80-BD18-E48778B56F6F}.Release|iPhone.Build.0 = Release|Any CPU
		{BA39E4B7-B4D3-4B80-BD18-E48778B56F6F}.Release|iPhoneSimulator.ActiveCfg = Release|Any CPU
		{BA39E4B7-B4D3-4B80-BD18-E48778B56F6F}.Release|iPhoneSimulator.Build.0 = Release|Any CPU
		{BA39E4B7-B4D3-4B80-BD18-E48778B56F6F}.Release|x64.ActiveCfg = Release|Any CPU
		{BA39E4B7-B4D3-4B80-BD18-E48778B56F6F}.Release|x64.Build.0 = Release|Any CPU
		{BA39E4B7-B4D3-4B80-BD18-E48778B56F6F}.Release|x86.ActiveCfg = Release|Any CPU
		{BA39E4B7-B4D3-4B80-BD18-E48778B56F6F}.Release|x86.Build.0 = Release|Any CPU
		{07D1E705-0F8A-4298-A7F4-8E18C95A7B5D}.Ad-Hoc|Any CPU.ActiveCfg = Release|Any CPU
		{07D1E705-0F8A-4298-A7F4-8E18C95A7B5D}.Ad-Hoc|Any CPU.Build.0 = Release|Any CPU
		{07D1E705-0F8A-4298-A7F4-8E18C95A7B5D}.Ad-Hoc|ARM.ActiveCfg = Release|Any CPU
		{07D1E705-0F8A-4298-A7F4-8E18C95A7B5D}.Ad-Hoc|ARM.Build.0 = Release|Any CPU
		{07D1E705-0F8A-4298-A7F4-8E18C95A7B5D}.Ad-Hoc|iPhone.ActiveCfg = Release|Any CPU
		{07D1E705-0F8A-4298-A7F4-8E18C95A7B5D}.Ad-Hoc|iPhone.Build.0 = Release|Any CPU
		{07D1E705-0F8A-4298-A7F4-8E18C95A7B5D}.Ad-Hoc|iPhoneSimulator.ActiveCfg = Release|Any CPU
		{07D1E705-0F8A-4298-A7F4-8E18C95A7B5D}.Ad-Hoc|iPhoneSimulator.Build.0 = Release|Any CPU
		{07D1E705-0F8A-4298-A7F4-8E18C95A7B5D}.Ad-Hoc|x64.ActiveCfg = Release|Any CPU
		{07D1E705-0F8A-4298-A7F4-8E18C95A7B5D}.Ad-Hoc|x64.Build.0 = Release|Any CPU
		{07D1E705-0F8A-4298-A7F4-8E18C95A7B5D}.Ad-Hoc|x86.ActiveCfg = Release|Any CPU
		{07D1E705-0F8A-4298-A7F4-8E18C95A7B5D}.Ad-Hoc|x86.Build.0 = Release|Any CPU
		{07D1E705-0F8A-4298-A7F4-8E18C95A7B5D}.AppStore|Any CPU.ActiveCfg = Release|Any CPU
		{07D1E705-0F8A-4298-A7F4-8E18C95A7B5D}.AppStore|Any CPU.Build.0 = Release|Any CPU
		{07D1E705-0F8A-4298-A7F4-8E18C95A7B5D}.AppStore|ARM.ActiveCfg = Release|Any CPU
		{07D1E705-0F8A-4298-A7F4-8E18C95A7B5D}.AppStore|ARM.Build.0 = Release|Any CPU
		{07D1E705-0F8A-4298-A7F4-8E18C95A7B5D}.AppStore|iPhone.ActiveCfg = Release|Any CPU
		{07D1E705-0F8A-4298-A7F4-8E18C95A7B5D}.AppStore|iPhone.Build.0 = Release|Any CPU
		{07D1E705-0F8A-4298-A7F4-8E18C95A7B5D}.AppStore|iPhoneSimulator.ActiveCfg = Release|Any CPU
		{07D1E705-0F8A-4298-A7F4-8E18C95A7B5D}.AppStore|iPhoneSimulator.Build.0 = Release|Any CPU
		{07D1E705-0F8A-4298-A7F4-8E18C95A7B5D}.AppStore|x64.ActiveCfg = Release|Any CPU
		{07D1E705-0F8A-4298-A7F4-8E18C95A7B5D}.AppStore|x64.Build.0 = Release|Any CPU
		{07D1E705-0F8A-4298-A7F4-8E18C95A7B5D}.AppStore|x86.ActiveCfg = Release|Any CPU
		{07D1E705-0F8A-4298-A7F4-8E18C95A7B5D}.AppStore|x86.Build.0 = Release|Any CPU
		{07D1E705-0F8A-4298-A7F4-8E18C95A7B5D}.Debug|Any CPU.ActiveCfg = Debug|Any CPU
		{07D1E705-0F8A-4298-A7F4-8E18C95A7B5D}.Debug|Any CPU.Build.0 = Debug|Any CPU
		{07D1E705-0F8A-4298-A7F4-8E18C95A7B5D}.Debug|ARM.ActiveCfg = Debug|Any CPU
		{07D1E705-0F8A-4298-A7F4-8E18C95A7B5D}.Debug|ARM.Build.0 = Debug|Any CPU
		{07D1E705-0F8A-4298-A7F4-8E18C95A7B5D}.Debug|iPhone.ActiveCfg = Debug|Any CPU
		{07D1E705-0F8A-4298-A7F4-8E18C95A7B5D}.Debug|iPhone.Build.0 = Debug|Any CPU
		{07D1E705-0F8A-4298-A7F4-8E18C95A7B5D}.Debug|iPhoneSimulator.ActiveCfg = Debug|Any CPU
		{07D1E705-0F8A-4298-A7F4-8E18C95A7B5D}.Debug|iPhoneSimulator.Build.0 = Debug|Any CPU
		{07D1E705-0F8A-4298-A7F4-8E18C95A7B5D}.Debug|x64.ActiveCfg = Debug|Any CPU
		{07D1E705-0F8A-4298-A7F4-8E18C95A7B5D}.Debug|x64.Build.0 = Debug|Any CPU
		{07D1E705-0F8A-4298-A7F4-8E18C95A7B5D}.Debug|x86.ActiveCfg = Debug|Any CPU
		{07D1E705-0F8A-4298-A7F4-8E18C95A7B5D}.Debug|x86.Build.0 = Debug|Any CPU
		{07D1E705-0F8A-4298-A7F4-8E18C95A7B5D}.Release|Any CPU.ActiveCfg = Release|Any CPU
		{07D1E705-0F8A-4298-A7F4-8E18C95A7B5D}.Release|Any CPU.Build.0 = Release|Any CPU
		{07D1E705-0F8A-4298-A7F4-8E18C95A7B5D}.Release|ARM.ActiveCfg = Release|Any CPU
		{07D1E705-0F8A-4298-A7F4-8E18C95A7B5D}.Release|ARM.Build.0 = Release|Any CPU
		{07D1E705-0F8A-4298-A7F4-8E18C95A7B5D}.Release|iPhone.ActiveCfg = Release|Any CPU
		{07D1E705-0F8A-4298-A7F4-8E18C95A7B5D}.Release|iPhone.Build.0 = Release|Any CPU
		{07D1E705-0F8A-4298-A7F4-8E18C95A7B5D}.Release|iPhoneSimulator.ActiveCfg = Release|Any CPU
		{07D1E705-0F8A-4298-A7F4-8E18C95A7B5D}.Release|iPhoneSimulator.Build.0 = Release|Any CPU
		{07D1E705-0F8A-4298-A7F4-8E18C95A7B5D}.Release|x64.ActiveCfg = Release|Any CPU
		{07D1E705-0F8A-4298-A7F4-8E18C95A7B5D}.Release|x64.Build.0 = Release|Any CPU
		{07D1E705-0F8A-4298-A7F4-8E18C95A7B5D}.Release|x86.ActiveCfg = Release|Any CPU
		{07D1E705-0F8A-4298-A7F4-8E18C95A7B5D}.Release|x86.Build.0 = Release|Any CPU
	EndGlobalSection
	GlobalSection(SolutionProperties) = preSolution
		HideSolutionNode = FALSE
	EndGlobalSection
EndGlobal
